
Microsoft Visual Studio Solution File, Format Version 12.00
# Visual Studio 15
VisualStudioVersion = 15.0.27703.2000
MinimumVisualStudioVersion = 10.0.40219.1
Project("{8BC9CEB8-8B4A-11D0-8D11-00A0C91BC942}") = "CodingChallenge", "CodingChallenge\CodingChallenge.vcxproj", "{EE65F307-3C2E-4955-9A90-C370C13B9867}"
EndProject
Global
	GlobalSection(SolutionConfigurationPlatforms) = preSolution
		Debug|x64 = Debug|x64
		Debug|x86 = Debug|x86
		Release|x64 = Release|x64
		Release|x86 = Release|x86
	EndGlobalSection
	GlobalSection(ProjectConfigurationPlatforms) = postSolution
		{EE65F307-3C2E-4955-9A90-C370C13B9867}.Debug|x64.ActiveCfg = Debug|x64
		{EE65F307-3C2E-4955-9A90-C370C13B9867}.Debug|x64.Build.0 = Debug|x64
		{EE65F307-3C2E-4955-9A90-C370C13B9867}.Debug|x86.ActiveCfg = Debug|Win32
		{EE65F307-3C2E-4955-9A90-C370C13B9867}.Debug|x86.Build.0 = Debug|Win32
		{EE65F307-3C2E-4955-9A90-C370C13B9867}.Release|x64.ActiveCfg = Release|x64
		{EE65F307-3C2E-4955-9A90-C370C13B9867}.Release|x64.Build.0 = Release|x64
		{EE65F307-3C2E-4955-9A90-C370C13B9867}.Release|x86.ActiveCfg = Release|Win32
		{EE65F307-3C2E-4955-9A90-C370C13B9867}.Release|x86.Build.0 = Release|Win32
	EndGlobalSection
	GlobalSection(SolutionProperties) = preSolution
		HideSolutionNode = FALSE
	EndGlobalSection
	GlobalSection(ExtensibilityGlobals) = postSolution
		SolutionGuid = {978E0589-4CBB-412E-AA46-BD744972C055}
	EndGlobalSection
EndGlobal
